
Microsoft Visual Studio Solution File, Format Version 12.00
# Visual Studio Version 16
VisualStudioVersion = 16.0.30225.117
MinimumVisualStudioVersion = 10.0.40219.1
Project("{FAE04EC0-301F-11D3-BF4B-00C04F79EFBC}") = "SpecFlowNetCoreDemo", "SpecFlowNetCoreDemo\SpecFlowNetCoreDemo.csproj", "{7536E8EF-503C-49F3-8C6F-517F9153EDE1}"
EndProject
Global
	GlobalSection(SolutionConfigurationPlatforms) = preSolution
		Debug|Any CPU = Debug|Any CPU
		Release|Any CPU = Release|Any CPU
	EndGlobalSection
	GlobalSection(ProjectConfigurationPlatforms) = postSolution
		{7536E8EF-503C-49F3-8C6F-517F9153EDE1}.Debug|Any CPU.ActiveCfg = Debug|Any CPU
		{7536E8EF-503C-49F3-8C6F-517F9153EDE1}.Debug|Any CPU.Build.0 = Debug|Any CPU
		{7536E8EF-503C-49F3-8C6F-517F9153EDE1}.Release|Any CPU.ActiveCfg = Release|Any CPU
		{7536E8EF-503C-49F3-8C6F-517F9153EDE1}.Release|Any CPU.Build.0 = Release|Any CPU
	EndGlobalSection
	GlobalSection(SolutionProperties) = preSolution
		HideSolutionNode = FALSE
	EndGlobalSection
	GlobalSection(ExtensibilityGlobals) = postSolution
		SolutionGuid = {4C93A57C-733A-4A95-B766-BF8FF240F8BF}
	EndGlobalSection
EndGlobal
